
Microsoft Visual Studio Solution File, Format Version 12.00
# Visual Studio Version 17
VisualStudioVersion = 17.14.36408.4 d17.14
MinimumVisualStudioVersion = 10.0.40219.1
Project("{8BC9CEB8-8B4A-11D0-8D11-00A0C91BC942}") = "ecs01", "ecs01.vcxproj", "{B0EADB96-CBC5-4010-83BB-7AA88C8E7A87}"
EndProject
Global
	GlobalSection(SolutionConfigurationPlatforms) = preSolution
		Debug|x64 = Debug|x64
		Debug|x86 = Debug|x86
		Release|x64 = Release|x64
		Release|x86 = Release|x86
	EndGlobalSection
	GlobalSection(ProjectConfigurationPlatforms) = postSolution
		{B0EADB96-CBC5-4010-83BB-7AA88C8E7A87}.Debug|x64.ActiveCfg = Debug|x64
		{B0EADB96-CBC5-4010-83BB-7AA88C8E7A87}.Debug|x64.Build.0 = Debug|x64
		{B0EADB96-CBC5-4010-83BB-7AA88C8E7A87}.Debug|x86.ActiveCfg = Debug|Win32
		{B0EADB96-CBC5-4010-83BB-7AA88C8E7A87}.Debug|x86.Build.0 = Debug|Win32
		{B0EADB96-CBC5-4010-83BB-7AA88C8E7A87}.Release|x64.ActiveCfg = Release|x64
		{B0EADB96-CBC5-4010-83BB-7AA88C8E7A87}.Release|x64.Build.0 = Release|x64
		{B0EADB96-CBC5-4010-83BB-7AA88C8E7A87}.Release|x86.ActiveCfg = Release|Win32
		{B0EADB96-CBC5-4010-83BB-7AA88C8E7A87}.Release|x86.Build.0 = Release|Win32
	EndGlobalSection
	GlobalSection(SolutionProperties) = preSolution
		HideSolutionNode = FALSE
	EndGlobalSection
	GlobalSection(ExtensibilityGlobals) = postSolution
		SolutionGuid = {B54346EF-D4D3-4213-ACAE-4D6A5FA3A05B}
	EndGlobalSection
EndGlobal
